
Microsoft Visual Studio Solution File, Format Version 12.00
# Visual Studio Version 17
VisualStudioVersion = 17.5.33502.453
MinimumVisualStudioVersion = 10.0.40219.1
Project("{54A90642-561A-4BB1-A94E-469ADEE60C69}") = "angularapp", "angularapp\angularapp.esproj", "{8DC36FD6-D1B4-43C8-A03F-99A35C5D771A}"
EndProject
Project("{9A19103F-16F7-4668-BE54-9A1E7A4F7556}") = "webapi", "webapi\webapi.csproj", "{EEC6C749-47D7-460D-B82E-3089455CF000}"
EndProject
Project("{9A19103F-16F7-4668-BE54-9A1E7A4F7556}") = "UserManager.Core", "UserManager.Core\UserManager.Core.csproj", "{181ED493-6314-4F90-BBE2-2129CB2F95FC}"
EndProject
Project("{9A19103F-16F7-4668-BE54-9A1E7A4F7556}") = "UserManager.Infrastructure", "UserManager.Infrastructure\UserManager.Infrastructure.csproj", "{501A77AE-D2C5-4610-9923-A2C30F6CD59D}"
EndProject
Global
	GlobalSection(SolutionConfigurationPlatforms) = preSolution
		Debug|Any CPU = Debug|Any CPU
		Release|Any CPU = Release|Any CPU
	EndGlobalSection
	GlobalSection(ProjectConfigurationPlatforms) = postSolution
		{8DC36FD6-D1B4-43C8-A03F-99A35C5D771A}.Debug|Any CPU.ActiveCfg = Debug|Any CPU
		{8DC36FD6-D1B4-43C8-A03F-99A35C5D771A}.Debug|Any CPU.Build.0 = Debug|Any CPU
		{8DC36FD6-D1B4-43C8-A03F-99A35C5D771A}.Debug|Any CPU.Deploy.0 = Debug|Any CPU
		{8DC36FD6-D1B4-43C8-A03F-99A35C5D771A}.Release|Any CPU.ActiveCfg = Release|Any CPU
		{8DC36FD6-D1B4-43C8-A03F-99A35C5D771A}.Release|Any CPU.Build.0 = Release|Any CPU
		{8DC36FD6-D1B4-43C8-A03F-99A35C5D771A}.Release|Any CPU.Deploy.0 = Release|Any CPU
		{EEC6C749-47D7-460D-B82E-3089455CF000}.Debug|Any CPU.ActiveCfg = Debug|Any CPU
		{EEC6C749-47D7-460D-B82E-3089455CF000}.Debug|Any CPU.Build.0 = Debug|Any CPU
		{EEC6C749-47D7-460D-B82E-3089455CF000}.Release|Any CPU.ActiveCfg = Release|Any CPU
		{EEC6C749-47D7-460D-B82E-3089455CF000}.Release|Any CPU.Build.0 = Release|Any CPU
		{181ED493-6314-4F90-BBE2-2129CB2F95FC}.Debug|Any CPU.ActiveCfg = Debug|Any CPU
		{181ED493-6314-4F90-BBE2-2129CB2F95FC}.Debug|Any CPU.Build.0 = Debug|Any CPU
		{181ED493-6314-4F90-BBE2-2129CB2F95FC}.Release|Any CPU.ActiveCfg = Release|Any CPU
		{181ED493-6314-4F90-BBE2-2129CB2F95FC}.Release|Any CPU.Build.0 = Release|Any CPU
		{501A77AE-D2C5-4610-9923-A2C30F6CD59D}.Debug|Any CPU.ActiveCfg = Debug|Any CPU
		{501A77AE-D2C5-4610-9923-A2C30F6CD59D}.Debug|Any CPU.Build.0 = Debug|Any CPU
		{501A77AE-D2C5-4610-9923-A2C30F6CD59D}.Release|Any CPU.ActiveCfg = Release|Any CPU
		{501A77AE-D2C5-4610-9923-A2C30F6CD59D}.Release|Any CPU.Build.0 = Release|Any CPU
	EndGlobalSection
	GlobalSection(SolutionProperties) = preSolution
		HideSolutionNode = FALSE
	EndGlobalSection
	GlobalSection(ExtensibilityGlobals) = postSolution
		SolutionGuid = {9FCD62DD-8F95-48C9-B468-650F93B5D627}
	EndGlobalSection
EndGlobal
